
Microsoft Visual Studio Solution File, Format Version 12.00
# Visual Studio Version 16
VisualStudioVersion = 16.0.30002.166
MinimumVisualStudioVersion = 10.0.40219.1
Project("{2150E333-8FDC-42A3-9474-1A3956D46DE8}") = "src", "src", "{AFAA0841-BD93-466F-B8F4-FB4EEC86F1FC}"
EndProject
Project("{2150E333-8FDC-42A3-9474-1A3956D46DE8}") = "test", "test", "{F10AA149-2626-486E-85BB-9CD5365F3016}"
EndProject
Project("{9A19103F-16F7-4668-BE54-9A1E7A4F7556}") = "GSoft.AbpZeroTemplate.Web.Mvc", "src\GSoft.AbpZeroTemplate.Web.Mvc\GSoft.AbpZeroTemplate.Web.Mvc.csproj", "{A2213374-BB48-48FD-BBD4-81E6A961D866}"
EndProject
Project("{9A19103F-16F7-4668-BE54-9A1E7A4F7556}") = "GSoft.AbpZeroTemplate.Web.Host", "src\GSoft.AbpZeroTemplate.Web.Host\GSoft.AbpZeroTemplate.Web.Host.csproj", "{9FC37C62-2105-4D32-9724-7323B959504B}"
EndProject
Project("{9A19103F-16F7-4668-BE54-9A1E7A4F7556}") = "GSoft.AbpZeroTemplate.Core", "src\GSoft.AbpZeroTemplate.Core\GSoft.AbpZeroTemplate.Core.csproj", "{0FA75A5B-AB83-4FD0-B545-279774C01E87}"
EndProject
Project("{9A19103F-16F7-4668-BE54-9A1E7A4F7556}") = "GSoft.AbpZeroTemplate.Application", "src\GSoft.AbpZeroTemplate.Application\GSoft.AbpZeroTemplate.Application.csproj", "{3870C648-4AEA-4B85-BA3F-F2F63B96136A}"
EndProject
Project("{9A19103F-16F7-4668-BE54-9A1E7A4F7556}") = "GSoft.AbpZeroTemplate.Tests", "test\GSoft.AbpZeroTemplate.Tests\GSoft.AbpZeroTemplate.Tests.csproj", "{0D4C5D00-C144-4213-A007-4B8944113AB1}"
EndProject
Project("{9A19103F-16F7-4668-BE54-9A1E7A4F7556}") = "GSoft.AbpZeroTemplate.Migrator", "src\GSoft.AbpZeroTemplate.Migrator\GSoft.AbpZeroTemplate.Migrator.csproj", "{7CAD3713-812A-4DE1-BDE3-59225B1E430A}"
EndProject
Project("{9A19103F-16F7-4668-BE54-9A1E7A4F7556}") = "GSoft.AbpZeroTemplate.Web.Core", "src\GSoft.AbpZeroTemplate.Web.Core\GSoft.AbpZeroTemplate.Web.Core.csproj", "{0F0E141D-2626-4114-9805-3AFD8275A6B0}"
EndProject
Project("{9A19103F-16F7-4668-BE54-9A1E7A4F7556}") = "GSoft.AbpZeroTemplate.EntityFrameworkCore", "src\GSoft.AbpZeroTemplate.EntityFrameworkCore\GSoft.AbpZeroTemplate.EntityFrameworkCore.csproj", "{A229F7D5-EE83-462E-8642-E9A2D5EA90FE}"
EndProject
Project("{2150E333-8FDC-42A3-9474-1A3956D46DE8}") = "Solution Items", "Solution Items", "{D04D9608-9CEB-4E0A-B548-410F7475E9F1}"
	ProjectSection(SolutionItems) = preProject
		common.props = common.props
	EndProjectSection
EndProject
Project("{9A19103F-16F7-4668-BE54-9A1E7A4F7556}") = "GSoft.AbpZeroTemplate.ConsoleApiClient", "test\GSoft.AbpZeroTemplate.ConsoleApiClient\GSoft.AbpZeroTemplate.ConsoleApiClient.csproj", "{25CD4D8C-D3DB-48A0-A4D0-639B6D0BDC7C}"
EndProject
Project("{9A19103F-16F7-4668-BE54-9A1E7A4F7556}") = "GSoft.AbpZeroTemplate.Web.Public", "src\GSoft.AbpZeroTemplate.Web.Public\GSoft.AbpZeroTemplate.Web.Public.csproj", "{2A88C289-A06A-4D69-8C71-E632E0F6B96D}"
EndProject
Project("{9A19103F-16F7-4668-BE54-9A1E7A4F7556}") = "GSoft.AbpZeroTemplate.Application.Shared", "src\GSoft.AbpZeroTemplate.Application.Shared\GSoft.AbpZeroTemplate.Application.Shared.csproj", "{6143A90B-6C2A-4683-8A3A-4D48702770EA}"
EndProject
Project("{9A19103F-16F7-4668-BE54-9A1E7A4F7556}") = "GSoft.AbpZeroTemplate.Core.Shared", "src\GSoft.AbpZeroTemplate.Core.Shared\GSoft.AbpZeroTemplate.Core.Shared.csproj", "{4D6603C1-F7D6-4681-97F8-69B4BBBC0536}"
EndProject
Project("{2150E333-8FDC-42A3-9474-1A3956D46DE8}") = "docs", "docs", "{AEA1AD24-5FB6-4DC1-919A-36B603507171}"
	ProjectSection(SolutionItems) = preProject
		docs\1.README.md = docs\1.README.md
		docs\2.SetPermission.md = docs\2.SetPermission.md
		docs\UpgradeDotnetZero.md = docs\UpgradeDotnetZero.md
	EndProjectSection
EndProject
Project("{9A19103F-16F7-4668-BE54-9A1E7A4F7556}") = "GWebsite.AbpZeroTemplate.Core", "src\GWebsite.AbpZeroTemplate.Core\GWebsite.AbpZeroTemplate.Core.csproj", "{5FA9A9A2-373A-4575-94AB-601BE794D019}"
EndProject
Project("{2150E333-8FDC-42A3-9474-1A3956D46DE8}") = "GWebsites", "GWebsites", "{D5D79B55-5E63-4C5F-AA00-20E237EF005D}"
EndProject
Project("{9A19103F-16F7-4668-BE54-9A1E7A4F7556}") = "GWebsite.AbpZeroTemplate.Application", "src\GWebsite.AbpZeroTemplate.Application\GWebsite.AbpZeroTemplate.Application.csproj", "{87C2AC3E-A778-4F47-BAC7-00BEABA51CAD}"
EndProject
Project("{9A19103F-16F7-4668-BE54-9A1E7A4F7556}") = "GWebsite.AbpZeroTemplate.Web.Core", "src\GWebsite.AbpZeroTemplate.Web.Core\GWebsite.AbpZeroTemplate.Web.Core.csproj", "{27456480-9559-4B3F-A039-BC5FEDE2460B}"
EndProject
Project("{9A19103F-16F7-4668-BE54-9A1E7A4F7556}") = "GWebsite.AbpZeroTemplate.Application.Share", "src\GWebsite.AbpZeroTemplate.Application.Share\GWebsite.AbpZeroTemplate.Application.Share.csproj", "{A3BD2085-C17A-4C33-B8D7-DA3C211FBEA0}"
EndProject
Project("{9A19103F-16F7-4668-BE54-9A1E7A4F7556}") = "GWebsite.AbpZeroTemplate.EntityFrameworkCore", "src\GWebsite.AbpZeroTemplate.EntityFrameworkCore\GWebsite.AbpZeroTemplate.EntityFrameworkCore.csproj", "{3A04000E-9332-44B4-B677-77685B709989}"
EndProject
Project("{2150E333-8FDC-42A3-9474-1A3956D46DE8}") = "Group0.Demo", "Group0.Demo", "{31F0CE74-2CE6-47C4-B976-DA09C29EDD08}"
EndProject
Project("{9A19103F-16F7-4668-BE54-9A1E7A4F7556}") = "Group0.AbpZeroTemplate.Application", "src\modules\group0.Demo\Group0.AbpZeroTemplate.Application\Group0.AbpZeroTemplate.Application.csproj", "{0A017DCF-4CEB-4756-A2C6-24EB661C54FD}"
EndProject
Project("{9A19103F-16F7-4668-BE54-9A1E7A4F7556}") = "Group0.AbpZeroTemplate.Web.Core", "src\modules\group0.Demo\Group0.AbpZeroTemplate.Web.Core\Group0.AbpZeroTemplate.Web.Core.csproj", "{ABB271A8-D5DF-4E92-AF9D-80F260DD1C28}"
EndProject
Project("{2150E333-8FDC-42A3-9474-1A3956D46DE8}") = "Group1", "Group1", "{81C410FB-8385-43CC-AE02-63E178C0FDA0}"
EndProject
Project("{9A19103F-16F7-4668-BE54-9A1E7A4F7556}") = "Group1.AbpZeroTemplate.Web.Core", "src\modules\group1\Group1.AbpZeroTemplate.Web.Core\Group1.AbpZeroTemplate.Web.Core.csproj", "{9300910F-91BF-4A01-8FB4-F3AB03468E0E}"
EndProject
Project("{9A19103F-16F7-4668-BE54-9A1E7A4F7556}") = "Group1.AbpZeroTemplate.Application", "src\modules\group1\Group1.AbpZeroTemplate.Application\Group1.AbpZeroTemplate.Application.csproj", "{7F7B8C5B-D19C-4BF8-AC30-A14390BE0C27}"
EndProject
Project("{2150E333-8FDC-42A3-9474-1A3956D46DE8}") = "Group2", "Group2", "{A01CCC2B-01F5-41DC-A58B-CB50EDDD7375}"
EndProject
Project("{9A19103F-16F7-4668-BE54-9A1E7A4F7556}") = "Group2.AbpZeroTemplate.Application", "src\modules\group2\Group2.AbpZeroTemplate.Application\Group2.AbpZeroTemplate.Application.csproj", "{13C34888-13B5-44A1-8675-3E01351E1904}"
EndProject
Project("{9A19103F-16F7-4668-BE54-9A1E7A4F7556}") = "Group2.AbpZeroTemplate.Web.Core", "src\modules\group2\Group2.AbpZeroTemplate.Web.Core\Group2.AbpZeroTemplate.Web.Core.csproj", "{4C1AFDA0-DB1D-42DD-B8DA-BEA2D9BFBA3D}"
EndProject
Project("{2150E333-8FDC-42A3-9474-1A3956D46DE8}") = "Group3", "Group3", "{FB6B2136-C88A-45A6-BDD6-A5735637B9CA}"
EndProject
Project("{2150E333-8FDC-42A3-9474-1A3956D46DE8}") = "Group4", "Group4", "{87D737FD-F1AC-42EA-8CB4-60826A80FC6F}"
EndProject
Project("{2150E333-8FDC-42A3-9474-1A3956D46DE8}") = "Group5", "Group5", "{94004CD9-6AB4-4A44-B452-B8B14EB554E5}"
EndProject
Project("{2150E333-8FDC-42A3-9474-1A3956D46DE8}") = "Group6", "Group6", "{173155FC-444D-4511-8178-C4E00D718A61}"
EndProject
Project("{2150E333-8FDC-42A3-9474-1A3956D46DE8}") = "Group7", "Group7", "{041E8776-77B0-49BE-886E-41D7ECC5B9E7}"
EndProject
Project("{2150E333-8FDC-42A3-9474-1A3956D46DE8}") = "Group8", "Group8", "{AE5B6DC1-C56E-41E3-9F05-4C7394691BA3}"
EndProject
Project("{2150E333-8FDC-42A3-9474-1A3956D46DE8}") = "Group9", "Group9", "{8B65D2E9-C480-490F-A71B-CDC78821766F}"
EndProject
Project("{2150E333-8FDC-42A3-9474-1A3956D46DE8}") = "Group10", "Group10", "{64790E19-9F06-4FA4-9ED9-26C377D13E29}"
EndProject
Project("{9A19103F-16F7-4668-BE54-9A1E7A4F7556}") = "Group10.AbpZeroTemplate.Application", "src\modules\group10\Group10.AbpZeroTemplate.Application\Group10.AbpZeroTemplate.Application.csproj", "{9AE3F44C-B9E9-4AF7-AC7A-BE76FA145D3D}"
EndProject
Project("{9A19103F-16F7-4668-BE54-9A1E7A4F7556}") = "Group10.AbpZeroTemplate.Web.Core", "src\modules\group10\Group10.AbpZeroTemplate.Web.Core\Group10.AbpZeroTemplate.Web.Core.csproj", "{C66179D0-E61C-4206-BDA3-CBD69EBD8252}"
EndProject
Project("{9A19103F-16F7-4668-BE54-9A1E7A4F7556}") = "Group3.AbpZeroTemplate.Application", "src\modules\group3\Group3.AbpZeroTemplate.Application\Group3.AbpZeroTemplate.Application.csproj", "{847C27B9-4F1F-45FA-820A-38B0152D41A9}"
EndProject
Project("{9A19103F-16F7-4668-BE54-9A1E7A4F7556}") = "Group3.AbpZeroTemplate.Web.Core", "src\modules\group3\Group3.AbpZeroTemplate.Web.Core\Group3.AbpZeroTemplate.Web.Core.csproj", "{CAA8623B-F603-4384-9A84-6647368166E4}"
EndProject
Project("{9A19103F-16F7-4668-BE54-9A1E7A4F7556}") = "Group4.AbpZeroTemplate.Application", "src\modules\group4\Group4.AbpZeroTemplate.Application\Group4.AbpZeroTemplate.Application.csproj", "{EDAE02E1-06F6-4827-BA43-223E3DE23FAA}"
EndProject
Project("{9A19103F-16F7-4668-BE54-9A1E7A4F7556}") = "Group4.AbpZeroTemplate.Web.Core", "src\modules\group4\Group4.AbpZeroTemplate.Web.Core\Group4.AbpZeroTemplate.Web.Core.csproj", "{D3D2D163-6617-423A-B7D8-4E5D03A21EA4}"
EndProject
Project("{9A19103F-16F7-4668-BE54-9A1E7A4F7556}") = "Group5.AbpZeroTemplate.Web.Core", "src\modules\group5\Group5.AbpZeroTemplate.Web.Core\Group5.AbpZeroTemplate.Web.Core.csproj", "{B78F946D-68A3-4334-AFBD-1F5FCC63762F}"
EndProject
Project("{9A19103F-16F7-4668-BE54-9A1E7A4F7556}") = "Group5.AbpZeroTemplate.Application", "src\modules\group5\Group5.AbpZeroTemplate.Application\Group5.AbpZeroTemplate.Application.csproj", "{7A40E787-22C8-4252-B138-7A7EC3CB8D38}"
EndProject
Project("{9A19103F-16F7-4668-BE54-9A1E7A4F7556}") = "Group6.AbpZeroTemplate.Web.Core", "src\modules\group6\Group6.AbpZeroTemplate.Web.Core\Group6.AbpZeroTemplate.Web.Core.csproj", "{6911F4AF-FD51-4140-B53B-BDDB5CC66E59}"
EndProject
Project("{9A19103F-16F7-4668-BE54-9A1E7A4F7556}") = "Group6.AbpZeroTemplate.Application", "src\modules\group6\Group6.AbpZeroTemplate.Application\Group6.AbpZeroTemplate.Application.csproj", "{31C90F84-B028-4A43-9E21-261281235987}"
EndProject
Project("{9A19103F-16F7-4668-BE54-9A1E7A4F7556}") = "Group7.AbpZeroTemplate.Application", "src\modules\group7\Group7.AbpZeroTemplate.Application\Group7.AbpZeroTemplate.Application.csproj", "{3D3B283A-013E-4A16-B5B8-563E3BE8EF12}"
EndProject
Project("{9A19103F-16F7-4668-BE54-9A1E7A4F7556}") = "Group7.AbpZeroTemplate.Web.Core", "src\modules\group7\Group7.AbpZeroTemplate.Web.Core\Group7.AbpZeroTemplate.Web.Core.csproj", "{90E5C8D2-661E-4941-9CE0-6B2105E3D216}"
EndProject
Project("{9A19103F-16F7-4668-BE54-9A1E7A4F7556}") = "Group8.AbpZeroTemplate.Application", "src\modules\group8\Group8.AbpZeroTemplate.Application\Group8.AbpZeroTemplate.Application.csproj", "{A172DEB6-F982-4E43-811A-2E16DC74472D}"
EndProject
Project("{9A19103F-16F7-4668-BE54-9A1E7A4F7556}") = "Group8.AbpZeroTemplate.Web.Core", "src\modules\group8\Group8.AbpZeroTemplate.Web.Core\Group8.AbpZeroTemplate.Web.Core.csproj", "{D8CBC69B-EFDC-4C4E-802A-34ABECF275BC}"
EndProject
Project("{9A19103F-16F7-4668-BE54-9A1E7A4F7556}") = "Group9.AbpZeroTemplate.Web.Core", "src\modules\group9\Group9.AbpZeroTemplate.Web.Core\Group9.AbpZeroTemplate.Web.Core.csproj", "{7391D895-5695-41FE-A18A-BFA930BBE8E4}"
EndProject
Project("{9A19103F-16F7-4668-BE54-9A1E7A4F7556}") = "Group9.AbpZeroTemplate.Application", "src\modules\group9\Group9.AbpZeroTemplate.Application\Group9.AbpZeroTemplate.Application.csproj", "{583066DC-E37D-4D19-8542-633BC6B85E15}"
EndProject
Global
	GlobalSection(SolutionConfigurationPlatforms) = preSolution
		Debug|Any CPU = Debug|Any CPU
		Release|Any CPU = Release|Any CPU
	EndGlobalSection
	GlobalSection(ProjectConfigurationPlatforms) = postSolution
		{A2213374-BB48-48FD-BBD4-81E6A961D866}.Debug|Any CPU.ActiveCfg = Debug|Any CPU
		{A2213374-BB48-48FD-BBD4-81E6A961D866}.Debug|Any CPU.Build.0 = Debug|Any CPU
		{A2213374-BB48-48FD-BBD4-81E6A961D866}.Release|Any CPU.ActiveCfg = Release|Any CPU
		{A2213374-BB48-48FD-BBD4-81E6A961D866}.Release|Any CPU.Build.0 = Release|Any CPU
		{9FC37C62-2105-4D32-9724-7323B959504B}.Debug|Any CPU.ActiveCfg = Debug|Any CPU
		{9FC37C62-2105-4D32-9724-7323B959504B}.Debug|Any CPU.Build.0 = Debug|Any CPU
		{9FC37C62-2105-4D32-9724-7323B959504B}.Release|Any CPU.ActiveCfg = Release|Any CPU
		{9FC37C62-2105-4D32-9724-7323B959504B}.Release|Any CPU.Build.0 = Release|Any CPU
		{0FA75A5B-AB83-4FD0-B545-279774C01E87}.Debug|Any CPU.ActiveCfg = Debug|Any CPU
		{0FA75A5B-AB83-4FD0-B545-279774C01E87}.Debug|Any CPU.Build.0 = Debug|Any CPU
		{0FA75A5B-AB83-4FD0-B545-279774C01E87}.Release|Any CPU.ActiveCfg = Release|Any CPU
		{0FA75A5B-AB83-4FD0-B545-279774C01E87}.Release|Any CPU.Build.0 = Release|Any CPU
		{3870C648-4AEA-4B85-BA3F-F2F63B96136A}.Debug|Any CPU.ActiveCfg = Debug|Any CPU
		{3870C648-4AEA-4B85-BA3F-F2F63B96136A}.Debug|Any CPU.Build.0 = Debug|Any CPU
		{3870C648-4AEA-4B85-BA3F-F2F63B96136A}.Release|Any CPU.ActiveCfg = Release|Any CPU
		{3870C648-4AEA-4B85-BA3F-F2F63B96136A}.Release|Any CPU.Build.0 = Release|Any CPU
		{0D4C5D00-C144-4213-A007-4B8944113AB1}.Debug|Any CPU.ActiveCfg = Debug|Any CPU
		{0D4C5D00-C144-4213-A007-4B8944113AB1}.Debug|Any CPU.Build.0 = Debug|Any CPU
		{0D4C5D00-C144-4213-A007-4B8944113AB1}.Release|Any CPU.ActiveCfg = Release|Any CPU
		{0D4C5D00-C144-4213-A007-4B8944113AB1}.Release|Any CPU.Build.0 = Release|Any CPU
		{7CAD3713-812A-4DE1-BDE3-59225B1E430A}.Debug|Any CPU.ActiveCfg = Debug|Any CPU
		{7CAD3713-812A-4DE1-BDE3-59225B1E430A}.Debug|Any CPU.Build.0 = Debug|Any CPU
		{7CAD3713-812A-4DE1-BDE3-59225B1E430A}.Release|Any CPU.ActiveCfg = Release|Any CPU
		{7CAD3713-812A-4DE1-BDE3-59225B1E430A}.Release|Any CPU.Build.0 = Release|Any CPU
		{0F0E141D-2626-4114-9805-3AFD8275A6B0}.Debug|Any CPU.ActiveCfg = Debug|Any CPU
		{0F0E141D-2626-4114-9805-3AFD8275A6B0}.Debug|Any CPU.Build.0 = Debug|Any CPU
		{0F0E141D-2626-4114-9805-3AFD8275A6B0}.Release|Any CPU.ActiveCfg = Release|Any CPU
		{0F0E141D-2626-4114-9805-3AFD8275A6B0}.Release|Any CPU.Build.0 = Release|Any CPU
		{A229F7D5-EE83-462E-8642-E9A2D5EA90FE}.Debug|Any CPU.ActiveCfg = Debug|Any CPU
		{A229F7D5-EE83-462E-8642-E9A2D5EA90FE}.Debug|Any CPU.Build.0 = Debug|Any CPU
		{A229F7D5-EE83-462E-8642-E9A2D5EA90FE}.Release|Any CPU.ActiveCfg = Release|Any CPU
		{A229F7D5-EE83-462E-8642-E9A2D5EA90FE}.Release|Any CPU.Build.0 = Release|Any CPU
		{25CD4D8C-D3DB-48A0-A4D0-639B6D0BDC7C}.Debug|Any CPU.ActiveCfg = Debug|Any CPU
		{25CD4D8C-D3DB-48A0-A4D0-639B6D0BDC7C}.Debug|Any CPU.Build.0 = Debug|Any CPU
		{25CD4D8C-D3DB-48A0-A4D0-639B6D0BDC7C}.Release|Any CPU.ActiveCfg = Release|Any CPU
		{25CD4D8C-D3DB-48A0-A4D0-639B6D0BDC7C}.Release|Any CPU.Build.0 = Release|Any CPU
		{2A88C289-A06A-4D69-8C71-E632E0F6B96D}.Debug|Any CPU.ActiveCfg = Debug|Any CPU
		{2A88C289-A06A-4D69-8C71-E632E0F6B96D}.Debug|Any CPU.Build.0 = Debug|Any CPU
		{2A88C289-A06A-4D69-8C71-E632E0F6B96D}.Release|Any CPU.ActiveCfg = Release|Any CPU
		{2A88C289-A06A-4D69-8C71-E632E0F6B96D}.Release|Any CPU.Build.0 = Release|Any CPU
		{6143A90B-6C2A-4683-8A3A-4D48702770EA}.Debug|Any CPU.ActiveCfg = Debug|Any CPU
		{6143A90B-6C2A-4683-8A3A-4D48702770EA}.Debug|Any CPU.Build.0 = Debug|Any CPU
		{6143A90B-6C2A-4683-8A3A-4D48702770EA}.Release|Any CPU.ActiveCfg = Release|Any CPU
		{6143A90B-6C2A-4683-8A3A-4D48702770EA}.Release|Any CPU.Build.0 = Release|Any CPU
		{4D6603C1-F7D6-4681-97F8-69B4BBBC0536}.Debug|Any CPU.ActiveCfg = Debug|Any CPU
		{4D6603C1-F7D6-4681-97F8-69B4BBBC0536}.Debug|Any CPU.Build.0 = Debug|Any CPU
		{4D6603C1-F7D6-4681-97F8-69B4BBBC0536}.Release|Any CPU.ActiveCfg = Release|Any CPU
		{4D6603C1-F7D6-4681-97F8-69B4BBBC0536}.Release|Any CPU.Build.0 = Release|Any CPU
		{5FA9A9A2-373A-4575-94AB-601BE794D019}.Debug|Any CPU.ActiveCfg = Debug|Any CPU
		{5FA9A9A2-373A-4575-94AB-601BE794D019}.Debug|Any CPU.Build.0 = Debug|Any CPU
		{5FA9A9A2-373A-4575-94AB-601BE794D019}.Release|Any CPU.ActiveCfg = Release|Any CPU
		{5FA9A9A2-373A-4575-94AB-601BE794D019}.Release|Any CPU.Build.0 = Release|Any CPU
		{87C2AC3E-A778-4F47-BAC7-00BEABA51CAD}.Debug|Any CPU.ActiveCfg = Debug|Any CPU
		{87C2AC3E-A778-4F47-BAC7-00BEABA51CAD}.Debug|Any CPU.Build.0 = Debug|Any CPU
		{87C2AC3E-A778-4F47-BAC7-00BEABA51CAD}.Release|Any CPU.ActiveCfg = Release|Any CPU
		{87C2AC3E-A778-4F47-BAC7-00BEABA51CAD}.Release|Any CPU.Build.0 = Release|Any CPU
		{27456480-9559-4B3F-A039-BC5FEDE2460B}.Debug|Any CPU.ActiveCfg = Debug|Any CPU
		{27456480-9559-4B3F-A039-BC5FEDE2460B}.Debug|Any CPU.Build.0 = Debug|Any CPU
		{27456480-9559-4B3F-A039-BC5FEDE2460B}.Release|Any CPU.ActiveCfg = Release|Any CPU
		{27456480-9559-4B3F-A039-BC5FEDE2460B}.Release|Any CPU.Build.0 = Release|Any CPU
		{A3BD2085-C17A-4C33-B8D7-DA3C211FBEA0}.Debug|Any CPU.ActiveCfg = Debug|Any CPU
		{A3BD2085-C17A-4C33-B8D7-DA3C211FBEA0}.Debug|Any CPU.Build.0 = Debug|Any CPU
		{A3BD2085-C17A-4C33-B8D7-DA3C211FBEA0}.Release|Any CPU.ActiveCfg = Release|Any CPU
		{A3BD2085-C17A-4C33-B8D7-DA3C211FBEA0}.Release|Any CPU.Build.0 = Release|Any CPU
		{3A04000E-9332-44B4-B677-77685B709989}.Debug|Any CPU.ActiveCfg = Debug|Any CPU
		{3A04000E-9332-44B4-B677-77685B709989}.Debug|Any CPU.Build.0 = Debug|Any CPU
		{3A04000E-9332-44B4-B677-77685B709989}.Release|Any CPU.ActiveCfg = Release|Any CPU
		{3A04000E-9332-44B4-B677-77685B709989}.Release|Any CPU.Build.0 = Release|Any CPU
		{0A017DCF-4CEB-4756-A2C6-24EB661C54FD}.Debug|Any CPU.ActiveCfg = Debug|Any CPU
		{0A017DCF-4CEB-4756-A2C6-24EB661C54FD}.Debug|Any CPU.Build.0 = Debug|Any CPU
		{0A017DCF-4CEB-4756-A2C6-24EB661C54FD}.Release|Any CPU.ActiveCfg = Release|Any CPU
		{0A017DCF-4CEB-4756-A2C6-24EB661C54FD}.Release|Any CPU.Build.0 = Release|Any CPU
		{ABB271A8-D5DF-4E92-AF9D-80F260DD1C28}.Debug|Any CPU.ActiveCfg = Debug|Any CPU
		{ABB271A8-D5DF-4E92-AF9D-80F260DD1C28}.Debug|Any CPU.Build.0 = Debug|Any CPU
		{ABB271A8-D5DF-4E92-AF9D-80F260DD1C28}.Release|Any CPU.ActiveCfg = Release|Any CPU
		{ABB271A8-D5DF-4E92-AF9D-80F260DD1C28}.Release|Any CPU.Build.0 = Release|Any CPU
		{9300910F-91BF-4A01-8FB4-F3AB03468E0E}.Debug|Any CPU.ActiveCfg = Debug|Any CPU
		{9300910F-91BF-4A01-8FB4-F3AB03468E0E}.Debug|Any CPU.Build.0 = Debug|Any CPU
		{9300910F-91BF-4A01-8FB4-F3AB03468E0E}.Release|Any CPU.ActiveCfg = Release|Any CPU
		{9300910F-91BF-4A01-8FB4-F3AB03468E0E}.Release|Any CPU.Build.0 = Release|Any CPU
		{7F7B8C5B-D19C-4BF8-AC30-A14390BE0C27}.Debug|Any CPU.ActiveCfg = Debug|Any CPU
		{7F7B8C5B-D19C-4BF8-AC30-A14390BE0C27}.Debug|Any CPU.Build.0 = Debug|Any CPU
		{7F7B8C5B-D19C-4BF8-AC30-A14390BE0C27}.Release|Any CPU.ActiveCfg = Release|Any CPU
		{7F7B8C5B-D19C-4BF8-AC30-A14390BE0C27}.Release|Any CPU.Build.0 = Release|Any CPU
		{13C34888-13B5-44A1-8675-3E01351E1904}.Debug|Any CPU.ActiveCfg = Debug|Any CPU
		{13C34888-13B5-44A1-8675-3E01351E1904}.Debug|Any CPU.Build.0 = Debug|Any CPU
		{13C34888-13B5-44A1-8675-3E01351E1904}.Release|Any CPU.ActiveCfg = Release|Any CPU
		{13C34888-13B5-44A1-8675-3E01351E1904}.Release|Any CPU.Build.0 = Release|Any CPU
		{4C1AFDA0-DB1D-42DD-B8DA-BEA2D9BFBA3D}.Debug|Any CPU.ActiveCfg = Debug|Any CPU
		{4C1AFDA0-DB1D-42DD-B8DA-BEA2D9BFBA3D}.Debug|Any CPU.Build.0 = Debug|Any CPU
		{4C1AFDA0-DB1D-42DD-B8DA-BEA2D9BFBA3D}.Release|Any CPU.ActiveCfg = Release|Any CPU
		{4C1AFDA0-DB1D-42DD-B8DA-BEA2D9BFBA3D}.Release|Any CPU.Build.0 = Release|Any CPU
		{9AE3F44C-B9E9-4AF7-AC7A-BE76FA145D3D}.Debug|Any CPU.ActiveCfg = Debug|Any CPU
		{9AE3F44C-B9E9-4AF7-AC7A-BE76FA145D3D}.Debug|Any CPU.Build.0 = Debug|Any CPU
		{9AE3F44C-B9E9-4AF7-AC7A-BE76FA145D3D}.Release|Any CPU.ActiveCfg = Release|Any CPU
		{9AE3F44C-B9E9-4AF7-AC7A-BE76FA145D3D}.Release|Any CPU.Build.0 = Release|Any CPU
		{C66179D0-E61C-4206-BDA3-CBD69EBD8252}.Debug|Any CPU.ActiveCfg = Debug|Any CPU
		{C66179D0-E61C-4206-BDA3-CBD69EBD8252}.Debug|Any CPU.Build.0 = Debug|Any CPU
		{C66179D0-E61C-4206-BDA3-CBD69EBD8252}.Release|Any CPU.ActiveCfg = Release|Any CPU
		{C66179D0-E61C-4206-BDA3-CBD69EBD8252}.Release|Any CPU.Build.0 = Release|Any CPU
		{847C27B9-4F1F-45FA-820A-38B0152D41A9}.Debug|Any CPU.ActiveCfg = Debug|Any CPU
		{847C27B9-4F1F-45FA-820A-38B0152D41A9}.Debug|Any CPU.Build.0 = Debug|Any CPU
		{847C27B9-4F1F-45FA-820A-38B0152D41A9}.Release|Any CPU.ActiveCfg = Release|Any CPU
		{847C27B9-4F1F-45FA-820A-38B0152D41A9}.Release|Any CPU.Build.0 = Release|Any CPU
		{CAA8623B-F603-4384-9A84-6647368166E4}.Debug|Any CPU.ActiveCfg = Debug|Any CPU
		{CAA8623B-F603-4384-9A84-6647368166E4}.Debug|Any CPU.Build.0 = Debug|Any CPU
		{CAA8623B-F603-4384-9A84-6647368166E4}.Release|Any CPU.ActiveCfg = Release|Any CPU
		{CAA8623B-F603-4384-9A84-6647368166E4}.Release|Any CPU.Build.0 = Release|Any CPU
		{EDAE02E1-06F6-4827-BA43-223E3DE23FAA}.Debug|Any CPU.ActiveCfg = Debug|Any CPU
		{EDAE02E1-06F6-4827-BA43-223E3DE23FAA}.Debug|Any CPU.Build.0 = Debug|Any CPU
		{EDAE02E1-06F6-4827-BA43-223E3DE23FAA}.Release|Any CPU.ActiveCfg = Release|Any CPU
		{EDAE02E1-06F6-4827-BA43-223E3DE23FAA}.Release|Any CPU.Build.0 = Release|Any CPU
		{D3D2D163-6617-423A-B7D8-4E5D03A21EA4}.Debug|Any CPU.ActiveCfg = Debug|Any CPU
		{D3D2D163-6617-423A-B7D8-4E5D03A21EA4}.Debug|Any CPU.Build.0 = Debug|Any CPU
		{D3D2D163-6617-423A-B7D8-4E5D03A21EA4}.Release|Any CPU.ActiveCfg = Release|Any CPU
		{D3D2D163-6617-423A-B7D8-4E5D03A21EA4}.Release|Any CPU.Build.0 = Release|Any CPU
		{B78F946D-68A3-4334-AFBD-1F5FCC63762F}.Debug|Any CPU.ActiveCfg = Debug|Any CPU
		{B78F946D-68A3-4334-AFBD-1F5FCC63762F}.Debug|Any CPU.Build.0 = Debug|Any CPU
		{B78F946D-68A3-4334-AFBD-1F5FCC63762F}.Release|Any CPU.ActiveCfg = Release|Any CPU
		{B78F946D-68A3-4334-AFBD-1F5FCC63762F}.Release|Any CPU.Build.0 = Release|Any CPU
		{7A40E787-22C8-4252-B138-7A7EC3CB8D38}.Debug|Any CPU.ActiveCfg = Debug|Any CPU
		{7A40E787-22C8-4252-B138-7A7EC3CB8D38}.Debug|Any CPU.Build.0 = Debug|Any CPU
		{7A40E787-22C8-4252-B138-7A7EC3CB8D38}.Release|Any CPU.ActiveCfg = Release|Any CPU
		{7A40E787-22C8-4252-B138-7A7EC3CB8D38}.Release|Any CPU.Build.0 = Release|Any CPU
		{6911F4AF-FD51-4140-B53B-BDDB5CC66E59}.Debug|Any CPU.ActiveCfg = Debug|Any CPU
		{6911F4AF-FD51-4140-B53B-BDDB5CC66E59}.Debug|Any CPU.Build.0 = Debug|Any CPU
		{6911F4AF-FD51-4140-B53B-BDDB5CC66E59}.Release|Any CPU.ActiveCfg = Release|Any CPU
		{6911F4AF-FD51-4140-B53B-BDDB5CC66E59}.Release|Any CPU.Build.0 = Release|Any CPU
		{31C90F84-B028-4A43-9E21-261281235987}.Debug|Any CPU.ActiveCfg = Debug|Any CPU
		{31C90F84-B028-4A43-9E21-261281235987}.Debug|Any CPU.Build.0 = Debug|Any CPU
		{31C90F84-B028-4A43-9E21-261281235987}.Release|Any CPU.ActiveCfg = Release|Any CPU
		{31C90F84-B028-4A43-9E21-261281235987}.Release|Any CPU.Build.0 = Release|Any CPU
		{3D3B283A-013E-4A16-B5B8-563E3BE8EF12}.Debug|Any CPU.ActiveCfg = Debug|Any CPU
		{3D3B283A-013E-4A16-B5B8-563E3BE8EF12}.Debug|Any CPU.Build.0 = Debug|Any CPU
		{3D3B283A-013E-4A16-B5B8-563E3BE8EF12}.Release|Any CPU.ActiveCfg = Release|Any CPU
		{3D3B283A-013E-4A16-B5B8-563E3BE8EF12}.Release|Any CPU.Build.0 = Release|Any CPU
		{90E5C8D2-661E-4941-9CE0-6B2105E3D216}.Debug|Any CPU.ActiveCfg = Debug|Any CPU
		{90E5C8D2-661E-4941-9CE0-6B2105E3D216}.Debug|Any CPU.Build.0 = Debug|Any CPU
		{90E5C8D2-661E-4941-9CE0-6B2105E3D216}.Release|Any CPU.ActiveCfg = Release|Any CPU
		{90E5C8D2-661E-4941-9CE0-6B2105E3D216}.Release|Any CPU.Build.0 = Release|Any CPU
		{A172DEB6-F982-4E43-811A-2E16DC74472D}.Debug|Any CPU.ActiveCfg = Debug|Any CPU
		{A172DEB6-F982-4E43-811A-2E16DC74472D}.Debug|Any CPU.Build.0 = Debug|Any CPU
		{A172DEB6-F982-4E43-811A-2E16DC74472D}.Release|Any CPU.ActiveCfg = Release|Any CPU
		{A172DEB6-F982-4E43-811A-2E16DC74472D}.Release|Any CPU.Build.0 = Release|Any CPU
		{D8CBC69B-EFDC-4C4E-802A-34ABECF275BC}.Debug|Any CPU.ActiveCfg = Debug|Any CPU
		{D8CBC69B-EFDC-4C4E-802A-34ABECF275BC}.Debug|Any CPU.Build.0 = Debug|Any CPU
		{D8CBC69B-EFDC-4C4E-802A-34ABECF275BC}.Release|Any CPU.ActiveCfg = Release|Any CPU
		{D8CBC69B-EFDC-4C4E-802A-34ABECF275BC}.Release|Any CPU.Build.0 = Release|Any CPU
		{7391D895-5695-41FE-A18A-BFA930BBE8E4}.Debug|Any CPU.ActiveCfg = Debug|Any CPU
		{7391D895-5695-41FE-A18A-BFA930BBE8E4}.Debug|Any CPU.Build.0 = Debug|Any CPU
		{7391D895-5695-41FE-A18A-BFA930BBE8E4}.Release|Any CPU.ActiveCfg = Release|Any CPU
		{7391D895-5695-41FE-A18A-BFA930BBE8E4}.Release|Any CPU.Build.0 = Release|Any CPU
		{583066DC-E37D-4D19-8542-633BC6B85E15}.Debug|Any CPU.ActiveCfg = Debug|Any CPU
		{583066DC-E37D-4D19-8542-633BC6B85E15}.Debug|Any CPU.Build.0 = Debug|Any CPU
		{583066DC-E37D-4D19-8542-633BC6B85E15}.Release|Any CPU.ActiveCfg = Release|Any CPU
		{583066DC-E37D-4D19-8542-633BC6B85E15}.Release|Any CPU.Build.0 = Release|Any CPU
	EndGlobalSection
	GlobalSection(SolutionProperties) = preSolution
		HideSolutionNode = FALSE
	EndGlobalSection
	GlobalSection(NestedProjects) = preSolution
		{A2213374-BB48-48FD-BBD4-81E6A961D866} = {AFAA0841-BD93-466F-B8F4-FB4EEC86F1FC}
		{9FC37C62-2105-4D32-9724-7323B959504B} = {AFAA0841-BD93-466F-B8F4-FB4EEC86F1FC}
		{0FA75A5B-AB83-4FD0-B545-279774C01E87} = {AFAA0841-BD93-466F-B8F4-FB4EEC86F1FC}
		{3870C648-4AEA-4B85-BA3F-F2F63B96136A} = {AFAA0841-BD93-466F-B8F4-FB4EEC86F1FC}
		{0D4C5D00-C144-4213-A007-4B8944113AB1} = {F10AA149-2626-486E-85BB-9CD5365F3016}
		{7CAD3713-812A-4DE1-BDE3-59225B1E430A} = {AFAA0841-BD93-466F-B8F4-FB4EEC86F1FC}
		{0F0E141D-2626-4114-9805-3AFD8275A6B0} = {AFAA0841-BD93-466F-B8F4-FB4EEC86F1FC}
		{A229F7D5-EE83-462E-8642-E9A2D5EA90FE} = {AFAA0841-BD93-466F-B8F4-FB4EEC86F1FC}
		{25CD4D8C-D3DB-48A0-A4D0-639B6D0BDC7C} = {F10AA149-2626-486E-85BB-9CD5365F3016}
		{2A88C289-A06A-4D69-8C71-E632E0F6B96D} = {AFAA0841-BD93-466F-B8F4-FB4EEC86F1FC}
		{6143A90B-6C2A-4683-8A3A-4D48702770EA} = {AFAA0841-BD93-466F-B8F4-FB4EEC86F1FC}
		{4D6603C1-F7D6-4681-97F8-69B4BBBC0536} = {AFAA0841-BD93-466F-B8F4-FB4EEC86F1FC}
		{5FA9A9A2-373A-4575-94AB-601BE794D019} = {D5D79B55-5E63-4C5F-AA00-20E237EF005D}
		{D5D79B55-5E63-4C5F-AA00-20E237EF005D} = {AFAA0841-BD93-466F-B8F4-FB4EEC86F1FC}
		{87C2AC3E-A778-4F47-BAC7-00BEABA51CAD} = {D5D79B55-5E63-4C5F-AA00-20E237EF005D}
		{27456480-9559-4B3F-A039-BC5FEDE2460B} = {D5D79B55-5E63-4C5F-AA00-20E237EF005D}
		{A3BD2085-C17A-4C33-B8D7-DA3C211FBEA0} = {D5D79B55-5E63-4C5F-AA00-20E237EF005D}
		{3A04000E-9332-44B4-B677-77685B709989} = {D5D79B55-5E63-4C5F-AA00-20E237EF005D}
		{31F0CE74-2CE6-47C4-B976-DA09C29EDD08} = {AFAA0841-BD93-466F-B8F4-FB4EEC86F1FC}
		{0A017DCF-4CEB-4756-A2C6-24EB661C54FD} = {31F0CE74-2CE6-47C4-B976-DA09C29EDD08}
		{ABB271A8-D5DF-4E92-AF9D-80F260DD1C28} = {31F0CE74-2CE6-47C4-B976-DA09C29EDD08}
		{81C410FB-8385-43CC-AE02-63E178C0FDA0} = {AFAA0841-BD93-466F-B8F4-FB4EEC86F1FC}
		{9300910F-91BF-4A01-8FB4-F3AB03468E0E} = {81C410FB-8385-43CC-AE02-63E178C0FDA0}
		{7F7B8C5B-D19C-4BF8-AC30-A14390BE0C27} = {81C410FB-8385-43CC-AE02-63E178C0FDA0}
		{A01CCC2B-01F5-41DC-A58B-CB50EDDD7375} = {AFAA0841-BD93-466F-B8F4-FB4EEC86F1FC}
		{13C34888-13B5-44A1-8675-3E01351E1904} = {A01CCC2B-01F5-41DC-A58B-CB50EDDD7375}
		{4C1AFDA0-DB1D-42DD-B8DA-BEA2D9BFBA3D} = {A01CCC2B-01F5-41DC-A58B-CB50EDDD7375}
		{FB6B2136-C88A-45A6-BDD6-A5735637B9CA} = {AFAA0841-BD93-466F-B8F4-FB4EEC86F1FC}
		{87D737FD-F1AC-42EA-8CB4-60826A80FC6F} = {AFAA0841-BD93-466F-B8F4-FB4EEC86F1FC}
		{94004CD9-6AB4-4A44-B452-B8B14EB554E5} = {AFAA0841-BD93-466F-B8F4-FB4EEC86F1FC}
		{173155FC-444D-4511-8178-C4E00D718A61} = {AFAA0841-BD93-466F-B8F4-FB4EEC86F1FC}
		{041E8776-77B0-49BE-886E-41D7ECC5B9E7} = {AFAA0841-BD93-466F-B8F4-FB4EEC86F1FC}
		{AE5B6DC1-C56E-41E3-9F05-4C7394691BA3} = {AFAA0841-BD93-466F-B8F4-FB4EEC86F1FC}
		{8B65D2E9-C480-490F-A71B-CDC78821766F} = {AFAA0841-BD93-466F-B8F4-FB4EEC86F1FC}
		{64790E19-9F06-4FA4-9ED9-26C377D13E29} = {AFAA0841-BD93-466F-B8F4-FB4EEC86F1FC}
		{9AE3F44C-B9E9-4AF7-AC7A-BE76FA145D3D} = {64790E19-9F06-4FA4-9ED9-26C377D13E29}
		{C66179D0-E61C-4206-BDA3-CBD69EBD8252} = {64790E19-9F06-4FA4-9ED9-26C377D13E29}
		{847C27B9-4F1F-45FA-820A-38B0152D41A9} = {FB6B2136-C88A-45A6-BDD6-A5735637B9CA}
		{CAA8623B-F603-4384-9A84-6647368166E4} = {FB6B2136-C88A-45A6-BDD6-A5735637B9CA}
		{EDAE02E1-06F6-4827-BA43-223E3DE23FAA} = {87D737FD-F1AC-42EA-8CB4-60826A80FC6F}
		{D3D2D163-6617-423A-B7D8-4E5D03A21EA4} = {87D737FD-F1AC-42EA-8CB4-60826A80FC6F}
		{B78F946D-68A3-4334-AFBD-1F5FCC63762F} = {94004CD9-6AB4-4A44-B452-B8B14EB554E5}
		{7A40E787-22C8-4252-B138-7A7EC3CB8D38} = {94004CD9-6AB4-4A44-B452-B8B14EB554E5}
		{6911F4AF-FD51-4140-B53B-BDDB5CC66E59} = {173155FC-444D-4511-8178-C4E00D718A61}
		{31C90F84-B028-4A43-9E21-261281235987} = {173155FC-444D-4511-8178-C4E00D718A61}
		{3D3B283A-013E-4A16-B5B8-563E3BE8EF12} = {041E8776-77B0-49BE-886E-41D7ECC5B9E7}
		{90E5C8D2-661E-4941-9CE0-6B2105E3D216} = {041E8776-77B0-49BE-886E-41D7ECC5B9E7}
		{A172DEB6-F982-4E43-811A-2E16DC74472D} = {AE5B6DC1-C56E-41E3-9F05-4C7394691BA3}
		{D8CBC69B-EFDC-4C4E-802A-34ABECF275BC} = {AE5B6DC1-C56E-41E3-9F05-4C7394691BA3}
		{7391D895-5695-41FE-A18A-BFA930BBE8E4} = {8B65D2E9-C480-490F-A71B-CDC78821766F}
		{583066DC-E37D-4D19-8542-633BC6B85E15} = {8B65D2E9-C480-490F-A71B-CDC78821766F}
	EndGlobalSection
	GlobalSection(ExtensibilityGlobals) = postSolution
		SolutionGuid = {23CD4D4B-B131-473D-9ECB-5DD96E739671}
	EndGlobalSection
EndGlobal
